
Microsoft Visual Studio Solution File, Format Version 12.00
# Visual Studio Version 16
VisualStudioVersion = 16.0.31515.178
MinimumVisualStudioVersion = 10.0.40219.1
Project("{FAE04EC0-301F-11D3-BF4B-00C04F79EFBC}") = "Shop", "Shop\Shop.csproj", "{0CEB8B08-BCE6-485D-9C28-5CD163D94122}"
EndProject
Global
	GlobalSection(SolutionConfigurationPlatforms) = preSolution
		Debug|Any CPU = Debug|Any CPU
		Release|Any CPU = Release|Any CPU
	EndGlobalSection
	GlobalSection(ProjectConfigurationPlatforms) = postSolution
		{0CEB8B08-BCE6-485D-9C28-5CD163D94122}.Debug|Any CPU.ActiveCfg = Debug|Any CPU
		{0CEB8B08-BCE6-485D-9C28-5CD163D94122}.Debug|Any CPU.Build.0 = Debug|Any CPU
		{0CEB8B08-BCE6-485D-9C28-5CD163D94122}.Release|Any CPU.ActiveCfg = Release|Any CPU
		{0CEB8B08-BCE6-485D-9C28-5CD163D94122}.Release|Any CPU.Build.0 = Release|Any CPU
	EndGlobalSection
	GlobalSection(SolutionProperties) = preSolution
		HideSolutionNode = FALSE
	EndGlobalSection
	GlobalSection(ExtensibilityGlobals) = postSolution
		SolutionGuid = {8AAE2C46-C443-429C-945B-46DE5C680E9C}
	EndGlobalSection
EndGlobal
